Microsoft Visual Studio Solution File, Format Version 12.00
# Visual Studio Version 17
VisualStudioVersion = 17.5.2.0
MinimumVisualStudioVersion = 10.0.40219.1
Project("{FAE04EC0-301F-11D3-BF4B-00C04F79EFBC}") = "TaskFacil", "TaskFacil.csproj", "{459C1364-1CCA-738E-0944-0E9E688626DA}"
EndProject
Global
	GlobalSection(SolutionConfigurationPlatforms) = preSolution
		Debug|Any CPU = Debug|Any CPU
		Release|Any CPU = Release|Any CPU
	EndGlobalSection
	GlobalSection(ProjectConfigurationPlatforms) = postSolution
		{459C1364-1CCA-738E-0944-0E9E688626DA}.Debug|Any CPU.ActiveCfg = Debug|Any CPU
		{459C1364-1CCA-738E-0944-0E9E688626DA}.Debug|Any CPU.Build.0 = Debug|Any CPU
		{459C1364-1CCA-738E-0944-0E9E688626DA}.Release|Any CPU.ActiveCfg = Release|Any CPU
		{459C1364-1CCA-738E-0944-0E9E688626DA}.Release|Any CPU.Build.0 = Release|Any CPU
	EndGlobalSection
	GlobalSection(SolutionProperties) = preSolution
		HideSolutionNode = FALSE
	EndGlobalSection
	GlobalSection(ExtensibilityGlobals) = postSolution
		SolutionGuid = {B5DD893D-5468-4CAE-BDC1-97B90642B5DF}
	EndGlobalSection
EndGlobal
